
Microsoft Visual Studio Solution File, Format Version 12.00
# Visual Studio 2013
VisualStudioVersion = 12.0.31101.0
MinimumVisualStudioVersion = 10.0.40219.1
Project("{FAE04EC0-301F-11D3-BF4B-00C04F79EFBC}") = "TuristApp5akaTheFinalCut", "TuristApp5akaTheFinalCut\TuristApp5akaTheFinalCut.csproj", "{D8687D94-4BE1-4B09-9C3E-FA40DB8F1CEC}"
EndProject
Global
	GlobalSection(SolutionConfigurationPlatforms) = preSolution
		Debug|Any CPU = Debug|Any CPU
		Debug|ARM = Debug|ARM
		Debug|x64 = Debug|x64
		Debug|x86 = Debug|x86
		Release|Any CPU = Release|Any CPU
		Release|ARM = Release|ARM
		Release|x64 = Release|x64
		Release|x86 = Release|x86
	EndGlobalSection
	GlobalSection(ProjectConfigurationPlatforms) = postSolution
		{D8687D94-4BE1-4B09-9C3E-FA40DB8F1CEC}.Debug|Any CPU.ActiveCfg = Debug|Any CPU
		{D8687D94-4BE1-4B09-9C3E-FA40DB8F1CEC}.Debug|Any CPU.Build.0 = Debug|Any CPU
		{D8687D94-4BE1-4B09-9C3E-FA40DB8F1CEC}.Debug|Any CPU.Deploy.0 = Debug|Any CPU
		{D8687D94-4BE1-4B09-9C3E-FA40DB8F1CEC}.Debug|ARM.ActiveCfg = Debug|ARM
		{D8687D94-4BE1-4B09-9C3E-FA40DB8F1CEC}.Debug|ARM.Build.0 = Debug|ARM
		{D8687D94-4BE1-4B09-9C3E-FA40DB8F1CEC}.Debug|ARM.Deploy.0 = Debug|ARM
		{D8687D94-4BE1-4B09-9C3E-FA40DB8F1CEC}.Debug|x64.ActiveCfg = Debug|x64
		{D8687D94-4BE1-4B09-9C3E-FA40DB8F1CEC}.Debug|x64.Build.0 = Debug|x64
		{D8687D94-4BE1-4B09-9C3E-FA40DB8F1CEC}.Debug|x64.Deploy.0 = Debug|x64
		{D8687D94-4BE1-4B09-9C3E-FA40DB8F1CEC}.Debug|x86.ActiveCfg = Debug|x86
		{D8687D94-4BE1-4B09-9C3E-FA40DB8F1CEC}.Debug|x86.Build.0 = Debug|x86
		{D8687D94-4BE1-4B09-9C3E-FA40DB8F1CEC}.Debug|x86.Deploy.0 = Debug|x86
		{D8687D94-4BE1-4B09-9C3E-FA40DB8F1CEC}.Release|Any CPU.ActiveCfg = Release|Any CPU
		{D8687D94-4BE1-4B09-9C3E-FA40DB8F1CEC}.Release|Any CPU.Build.0 = Release|Any CPU
		{D8687D94-4BE1-4B09-9C3E-FA40DB8F1CEC}.Release|Any CPU.Deploy.0 = Release|Any CPU
		{D8687D94-4BE1-4B09-9C3E-FA40DB8F1CEC}.Release|ARM.ActiveCfg = Release|ARM
		{D8687D94-4BE1-4B09-9C3E-FA40DB8F1CEC}.Release|ARM.Build.0 = Release|ARM
		{D8687D94-4BE1-4B09-9C3E-FA40DB8F1CEC}.Release|ARM.Deploy.0 = Release|ARM
		{D8687D94-4BE1-4B09-9C3E-FA40DB8F1CEC}.Release|x64.ActiveCfg = Release|x64
		{D8687D94-4BE1-4B09-9C3E-FA40DB8F1CEC}.Release|x64.Build.0 = Release|x64
		{D8687D94-4BE1-4B09-9C3E-FA40DB8F1CEC}.Release|x64.Deploy.0 = Release|x64
		{D8687D94-4BE1-4B09-9C3E-FA40DB8F1CEC}.Release|x86.ActiveCfg = Release|x86
		{D8687D94-4BE1-4B09-9C3E-FA40DB8F1CEC}.Release|x86.Build.0 = Release|x86
		{D8687D94-4BE1-4B09-9C3E-FA40DB8F1CEC}.Release|x86.Deploy.0 = Release|x86
	EndGlobalSection
	GlobalSection(SolutionProperties) = preSolution
		HideSolutionNode = FALSE
	EndGlobalSection
EndGlobal
